
Microsoft Visual Studio Solution File, Format Version 12.00
# Visual Studio 15
VisualStudioVersion = 15.0.27130.2010
MinimumVisualStudioVersion = 10.0.40219.1
Project("{8BC9CEB8-8B4A-11D0-8D11-00A0C91BC942}") = "WavReader", "WavReader\WavReader.vcxproj", "{DD8D3032-B7C7-483F-A1FD-D70E5B1DCEF9}"
EndProject
Global
	GlobalSection(SolutionConfigurationPlatforms) = preSolution
		Debug|x64 = Debug|x64
		Debug|x86 = Debug|x86
		Release|x64 = Release|x64
		Release|x86 = Release|x86
	EndGlobalSection
	GlobalSection(ProjectConfigurationPlatforms) = postSolution
		{DD8D3032-B7C7-483F-A1FD-D70E5B1DCEF9}.Debug|x64.ActiveCfg = Debug|x64
		{DD8D3032-B7C7-483F-A1FD-D70E5B1DCEF9}.Debug|x64.Build.0 = Debug|x64
		{DD8D3032-B7C7-483F-A1FD-D70E5B1DCEF9}.Debug|x86.ActiveCfg = Debug|Win32
		{DD8D3032-B7C7-483F-A1FD-D70E5B1DCEF9}.Debug|x86.Build.0 = Debug|Win32
		{DD8D3032-B7C7-483F-A1FD-D70E5B1DCEF9}.Release|x64.ActiveCfg = Release|x64
		{DD8D3032-B7C7-483F-A1FD-D70E5B1DCEF9}.Release|x64.Build.0 = Release|x64
		{DD8D3032-B7C7-483F-A1FD-D70E5B1DCEF9}.Release|x86.ActiveCfg = Release|Win32
		{DD8D3032-B7C7-483F-A1FD-D70E5B1DCEF9}.Release|x86.Build.0 = Release|Win32
	EndGlobalSection
	GlobalSection(SolutionProperties) = preSolution
		HideSolutionNode = FALSE
	EndGlobalSection
	GlobalSection(ExtensibilityGlobals) = postSolution
		SolutionGuid = {5DDC632F-8BE8-43B1-BB6C-23E9C7DBCA48}
	EndGlobalSection
EndGlobal
